
Microsoft Visual Studio Solution File, Format Version 12.00
# Visual Studio Version 16
VisualStudioVersion = 16.0.30709.64
MinimumVisualStudioVersion = 10.0.40219.1
Project("{FAE04EC0-301F-11D3-BF4B-00C04F79EFBC}") = "JarmuProjekt", "JarmuProjekt.csproj", "{4FC63BD4-D011-4E32-A59A-A0AF1FF26195}"
EndProject
Global
	GlobalSection(SolutionConfigurationPlatforms) = preSolution
		Debug|Any CPU = Debug|Any CPU
		Release|Any CPU = Release|Any CPU
	EndGlobalSection
	GlobalSection(ProjectConfigurationPlatforms) = postSolution
		{4FC63BD4-D011-4E32-A59A-A0AF1FF26195}.Debug|Any CPU.ActiveCfg = Debug|Any CPU
		{4FC63BD4-D011-4E32-A59A-A0AF1FF26195}.Debug|Any CPU.Build.0 = Debug|Any CPU
		{4FC63BD4-D011-4E32-A59A-A0AF1FF26195}.Release|Any CPU.ActiveCfg = Release|Any CPU
		{4FC63BD4-D011-4E32-A59A-A0AF1FF26195}.Release|Any CPU.Build.0 = Release|Any CPU
	EndGlobalSection
	GlobalSection(SolutionProperties) = preSolution
		HideSolutionNode = FALSE
	EndGlobalSection
	GlobalSection(ExtensibilityGlobals) = postSolution
		SolutionGuid = {2B93EDED-7B89-480C-AF49-8ADE4314BBE7}
	EndGlobalSection
EndGlobal
